
Microsoft Visual Studio Solution File, Format Version 12.00
# Visual Studio Version 17
VisualStudioVersion = 17.6.33717.318
MinimumVisualStudioVersion = 10.0.40219.1
Project("{FAE04EC0-301F-11D3-BF4B-00C04F79EFBC}") = "Barbearia", "Barbearia\Barbearia.csproj", "{BC1A16ED-A096-4658-8B42-D829C81695C0}"
EndProject
Global
	GlobalSection(SolutionConfigurationPlatforms) = preSolution
		Debug|Any CPU = Debug|Any CPU
		Release|Any CPU = Release|Any CPU
	EndGlobalSection
	GlobalSection(ProjectConfigurationPlatforms) = postSolution
		{BC1A16ED-A096-4658-8B42-D829C81695C0}.Debug|Any CPU.ActiveCfg = Debug|Any CPU
		{BC1A16ED-A096-4658-8B42-D829C81695C0}.Debug|Any CPU.Build.0 = Debug|Any CPU
		{BC1A16ED-A096-4658-8B42-D829C81695C0}.Release|Any CPU.ActiveCfg = Release|Any CPU
		{BC1A16ED-A096-4658-8B42-D829C81695C0}.Release|Any CPU.Build.0 = Release|Any CPU
	EndGlobalSection
	GlobalSection(SolutionProperties) = preSolution
		HideSolutionNode = FALSE
	EndGlobalSection
	GlobalSection(ExtensibilityGlobals) = postSolution
		SolutionGuid = {0AC39035-DEF7-4990-B08F-A7990A53FCD0}
	EndGlobalSection
EndGlobal
