
Microsoft Visual Studio Solution File, Format Version 12.00
# Visual Studio Version 17
VisualStudioVersion = 17.5.33530.505
MinimumVisualStudioVersion = 10.0.40219.1
Project("{FAE04EC0-301F-11D3-BF4B-00C04F79EFBC}") = "Projeto", "Projeto\Projeto.csproj", "{45ADFC95-90B6-4E08-9BE1-699B6587A01B}"
EndProject
Global
	GlobalSection(SolutionConfigurationPlatforms) = preSolution
		Debug|Any CPU = Debug|Any CPU
		Release|Any CPU = Release|Any CPU
	EndGlobalSection
	GlobalSection(ProjectConfigurationPlatforms) = postSolution
		{45ADFC95-90B6-4E08-9BE1-699B6587A01B}.Debug|Any CPU.ActiveCfg = Debug|Any CPU
		{45ADFC95-90B6-4E08-9BE1-699B6587A01B}.Debug|Any CPU.Build.0 = Debug|Any CPU
		{45ADFC95-90B6-4E08-9BE1-699B6587A01B}.Release|Any CPU.ActiveCfg = Release|Any CPU
		{45ADFC95-90B6-4E08-9BE1-699B6587A01B}.Release|Any CPU.Build.0 = Release|Any CPU
	EndGlobalSection
	GlobalSection(SolutionProperties) = preSolution
		HideSolutionNode = FALSE
	EndGlobalSection
	GlobalSection(ExtensibilityGlobals) = postSolution
		SolutionGuid = {CABA0E39-9CAB-4AC5-9728-4B82ED72D890}
	EndGlobalSection
EndGlobal
